
Microsoft Visual Studio Solution File, Format Version 12.00
# Visual Studio Version 16
VisualStudioVersion = 16.0.30907.101
MinimumVisualStudioVersion = 10.0.40219.1
Project("{FAE04EC0-301F-11D3-BF4B-00C04F79EFBC}") = "GmailReader", "GmailReader\GmailReader.csproj", "{1A09F27A-0758-4C38-A999-F86D128F16B5}"
EndProject
Project("{FAE04EC0-301F-11D3-BF4B-00C04F79EFBC}") = "MailLib", "MailLib\MailLib.csproj", "{14F24DAB-F8E6-4034-9F4A-D4108F4860FD}"
EndProject
Global
	GlobalSection(SolutionConfigurationPlatforms) = preSolution
		Debug|Any CPU = Debug|Any CPU
		Release|Any CPU = Release|Any CPU
	EndGlobalSection
	GlobalSection(ProjectConfigurationPlatforms) = postSolution
		{1A09F27A-0758-4C38-A999-F86D128F16B5}.Debug|Any CPU.ActiveCfg = Debug|Any CPU
		{1A09F27A-0758-4C38-A999-F86D128F16B5}.Debug|Any CPU.Build.0 = Debug|Any CPU
		{1A09F27A-0758-4C38-A999-F86D128F16B5}.Release|Any CPU.ActiveCfg = Release|Any CPU
		{1A09F27A-0758-4C38-A999-F86D128F16B5}.Release|Any CPU.Build.0 = Release|Any CPU
		{14F24DAB-F8E6-4034-9F4A-D4108F4860FD}.Debug|Any CPU.ActiveCfg = Debug|Any CPU
		{14F24DAB-F8E6-4034-9F4A-D4108F4860FD}.Debug|Any CPU.Build.0 = Debug|Any CPU
		{14F24DAB-F8E6-4034-9F4A-D4108F4860FD}.Release|Any CPU.ActiveCfg = Release|Any CPU
		{14F24DAB-F8E6-4034-9F4A-D4108F4860FD}.Release|Any CPU.Build.0 = Release|Any CPU
	EndGlobalSection
	GlobalSection(SolutionProperties) = preSolution
		HideSolutionNode = FALSE
	EndGlobalSection
	GlobalSection(ExtensibilityGlobals) = postSolution
		SolutionGuid = {59D5A0C0-8BD3-4D36-8605-003F6A23CB77}
	EndGlobalSection
EndGlobal
